github.com/kstenerud/go-describe v1.2.9 h1:p3ZQ2l4t1LiekUfYw7qIxvgUibCjEvm7LmSs9jfsJLo=
github.com/kstenerud/go-describe v1.2.9/go.mod h1:iE3AFLH5Mbb3f0OAoQqTn2Ao1bOJN66kjxiMWHFQuAU=
github.com/kstenerud/go-duplicates v1.0.3 h1:ZSkVFer/fxLT84T5GuE/pfiqBnHr3E8DHcfKL5DilFk=
github.com/kstenerud/go-duplicates v1.0.3/go.mod h1:OoPQ8B7sw/LFlPpLJT6bbCrHdOtaC9yWBF1uZXqOoxw=
