github.com/kstenerud/go-describe v1.2.13 h1:3EazEwS/oNw0uMGQt45UvuxNNVEjR65dkAoy3CtiQN8=
github.com/kstenerud/go-describe v1.2.13/go.mod h1:+B7K/fXHhObqwmMhcUT0CPT68fR1SQ9XNmJ5E4ck2RI=
github.com/kstenerud/go-duplicates v1.1.1 h1:Z8pdWHv842d/vszSeoWGAswbxx/8SHxz+/DNYQUl4jU=
github.com/kstenerud/go-duplicates v1.1.1/go.mod h1:OoPQ8B7sw/LFlPpLJT6bbCrHdOtaC9yWBF1uZXqOoxw=
